PODS:
  - CocoaAsyncSocket (7.6.3)
  - Highlightr (2.1.0)
  - macOSThemeKit (1.4.0)

DEPENDENCIES:
  - CocoaAsyncSocket
  - Highlightr
  - "macOSThemeKit (from `git@github.com:joonmanji/ThemeKit.git`)"

SPEC REPOS:
  https://github.com/CocoaPods/Specs.git:
    - CocoaAsyncSocket
    - Highlightr

EXTERNAL SOURCES:
  macOSThemeKit:
    :git: "git@github.com:joonmanji/ThemeKit.git"

CHECKOUT OPTIONS:
  macOSThemeKit:
    :commit: b36ebad69032a54f2c7546138dd9618fe25a52c4
    :git: "git@github.com:joonmanji/ThemeKit.git"

SPEC CHECKSUMS:
  CocoaAsyncSocket: eafaa68a7e0ec99ead0a7b35015e0bf25d2c8987
  Highlightr: 595f3e100737c8de41113385da8bd0b5b65212c6
  macOSThemeKit: 0701a657806c3d7c3ec7c528d4b9dfed2b17c321

PODFILE CHECKSUM: 21334f1d5c67df858ebdc7a9011805623bcce9d5

COCOAPODS: 1.16.2
